
Microsoft Visual Studio Solution File, Format Version 12.00
# Visual Studio 2012
Project("{FAE04EC0-301F-11D3-BF4B-00C04F79EFBC}") = "GoogleMapsMVC", "GoogleMapsMVC\GoogleMapsMVC.csproj", "{B4916130-5914-4BDC-A581-B47A1DAD6931}"
EndProject
Global
	GlobalSection(SolutionConfigurationPlatforms) = preSolution
		Debug|Any CPU = Debug|Any CPU
		Release|Any CPU = Release|Any CPU
	EndGlobalSection
	GlobalSection(ProjectConfigurationPlatforms) = postSolution
		{B4916130-5914-4BDC-A581-B47A1DAD6931}.Debug|Any CPU.ActiveCfg = Debug|Any CPU
		{B4916130-5914-4BDC-A581-B47A1DAD6931}.Debug|Any CPU.Build.0 = Debug|Any CPU
		{B4916130-5914-4BDC-A581-B47A1DAD6931}.Release|Any CPU.ActiveCfg = Release|Any CPU
		{B4916130-5914-4BDC-A581-B47A1DAD6931}.Release|Any CPU.Build.0 = Release|Any CPU
	EndGlobalSection
	GlobalSection(SolutionProperties) = preSolution
		HideSolutionNode = FALSE
	EndGlobalSection
EndGlobal
